
Microsoft Visual Studio Solution File, Format Version 12.00
# Visual Studio Version 17
VisualStudioVersion = 17.0.32014.148
MinimumVisualStudioVersion = 10.0.40219.1
Project("{2150E333-8FDC-42A3-9474-1A3956D46DE8}") = "1 - Services", "1 - Services", "{AC78C188-4213-4BDF-AB18-DE5F68A28EF9}"
EndProject
Project("{2150E333-8FDC-42A3-9474-1A3956D46DE8}") = "2 - Application", "2 - Application", "{148F0BF6-7A47-4D5E-9558-54243E8BC19C}"
EndProject
Project("{2150E333-8FDC-42A3-9474-1A3956D46DE8}") = "3 - Domain", "3 - Domain", "{92988655-D2A0-434D-BC97-CB653F4B1451}"
EndProject
Project("{2150E333-8FDC-42A3-9474-1A3956D46DE8}") = "4 - Infrastructure", "4 - Infrastructure", "{7BE3053D-1BDE-4C7C-8019-C21D78109281}"
EndProject
Project("{2150E333-8FDC-42A3-9474-1A3956D46DE8}") = "5 - Test", "5 - Test", "{4AAD85E5-FD6D-45DA-ACD2-19A275D1865E}"
EndProject
Project("{9A19103F-16F7-4668-BE54-9A1E7A4F7556}") = "Api_MarketAppFinance.Api", "Api_MarketAppFinance.Api\Api_MarketAppFinance.Api.csproj", "{02671E71-FFEA-4660-AC0B-8292E838542A}"
EndProject
Project("{9A19103F-16F7-4668-BE54-9A1E7A4F7556}") = "Api_MarketAppFinance.Application", "Api_MarketAppFinance.Application\Api_MarketAppFinance.Application.csproj", "{E3FDBB96-CC0B-4DC9-A3C7-6A62789F804E}"
EndProject
Project("{9A19103F-16F7-4668-BE54-9A1E7A4F7556}") = "Api_MarketAppFinance.Domain", "Api_MarketAppFinance.Domain\Api_MarketAppFinance.Domain.csproj", "{73440295-C5E4-4A21-AF7F-636F509ED113}"
EndProject
Project("{9A19103F-16F7-4668-BE54-9A1E7A4F7556}") = "Api_MarketAppFinance.Domain.Core", "Api_MarketAppFinance.Domain.Core\Api_MarketAppFinance.Domain.Core.csproj", "{96EBFFC6-FE1A-461E-9622-23804631F433}"
EndProject
Project("{9A19103F-16F7-4668-BE54-9A1E7A4F7556}") = "Api_MarketAppFinance.Domain.Services", "Api_MarketAppFinance.Domain.Services\Api_MarketAppFinance.Domain.Services.csproj", "{ADF14CF5-67E0-44FC-B7E1-66A1DD19991B}"
EndProject
Project("{9A19103F-16F7-4668-BE54-9A1E7A4F7556}") = "Api_MarketAppFinance.Infrastructure", "Api_MarketAppFinance.Infrastructure\Api_MarketAppFinance.Infrastructure.csproj", "{7FA6E93F-1716-49E9-A076-93477A2EFF22}"
EndProject
Project("{FAE04EC0-301F-11D3-BF4B-00C04F79EFBC}") = "Api_MarketAppFinance.Test", "Api_MarketAppFinance.Test\Api_MarketAppFinance.Test.csproj", "{A1BFC5BE-2510-4A27-B020-9BFCB8DD1D75}"
EndProject
Global
	GlobalSection(SolutionConfigurationPlatforms) = preSolution
		Debug|Any CPU = Debug|Any CPU
		Release|Any CPU = Release|Any CPU
	EndGlobalSection
	GlobalSection(ProjectConfigurationPlatforms) = postSolution
		{02671E71-FFEA-4660-AC0B-8292E838542A}.Debug|Any CPU.ActiveCfg = Debug|Any CPU
		{02671E71-FFEA-4660-AC0B-8292E838542A}.Debug|Any CPU.Build.0 = Debug|Any CPU
		{02671E71-FFEA-4660-AC0B-8292E838542A}.Release|Any CPU.ActiveCfg = Release|Any CPU
		{02671E71-FFEA-4660-AC0B-8292E838542A}.Release|Any CPU.Build.0 = Release|Any CPU
		{E3FDBB96-CC0B-4DC9-A3C7-6A62789F804E}.Debug|Any CPU.ActiveCfg = Debug|Any CPU
		{E3FDBB96-CC0B-4DC9-A3C7-6A62789F804E}.Debug|Any CPU.Build.0 = Debug|Any CPU
		{E3FDBB96-CC0B-4DC9-A3C7-6A62789F804E}.Release|Any CPU.ActiveCfg = Release|Any CPU
		{E3FDBB96-CC0B-4DC9-A3C7-6A62789F804E}.Release|Any CPU.Build.0 = Release|Any CPU
		{73440295-C5E4-4A21-AF7F-636F509ED113}.Debug|Any CPU.ActiveCfg = Debug|Any CPU
		{73440295-C5E4-4A21-AF7F-636F509ED113}.Debug|Any CPU.Build.0 = Debug|Any CPU
		{73440295-C5E4-4A21-AF7F-636F509ED113}.Release|Any CPU.ActiveCfg = Release|Any CPU
		{73440295-C5E4-4A21-AF7F-636F509ED113}.Release|Any CPU.Build.0 = Release|Any CPU
		{96EBFFC6-FE1A-461E-9622-23804631F433}.Debug|Any CPU.ActiveCfg = Debug|Any CPU
		{96EBFFC6-FE1A-461E-9622-23804631F433}.Debug|Any CPU.Build.0 = Debug|Any CPU
		{96EBFFC6-FE1A-461E-9622-23804631F433}.Release|Any CPU.ActiveCfg = Release|Any CPU
		{96EBFFC6-FE1A-461E-9622-23804631F433}.Release|Any CPU.Build.0 = Release|Any CPU
		{ADF14CF5-67E0-44FC-B7E1-66A1DD19991B}.Debug|Any CPU.ActiveCfg = Debug|Any CPU
		{ADF14CF5-67E0-44FC-B7E1-66A1DD19991B}.Debug|Any CPU.Build.0 = Debug|Any CPU
		{ADF14CF5-67E0-44FC-B7E1-66A1DD19991B}.Release|Any CPU.ActiveCfg = Release|Any CPU
		{ADF14CF5-67E0-44FC-B7E1-66A1DD19991B}.Release|Any CPU.Build.0 = Release|Any CPU
		{7FA6E93F-1716-49E9-A076-93477A2EFF22}.Debug|Any CPU.ActiveCfg = Debug|Any CPU
		{7FA6E93F-1716-49E9-A076-93477A2EFF22}.Debug|Any CPU.Build.0 = Debug|Any CPU
		{7FA6E93F-1716-49E9-A076-93477A2EFF22}.Release|Any CPU.ActiveCfg = Release|Any CPU
		{7FA6E93F-1716-49E9-A076-93477A2EFF22}.Release|Any CPU.Build.0 = Release|Any CPU
		{A1BFC5BE-2510-4A27-B020-9BFCB8DD1D75}.Debug|Any CPU.ActiveCfg = Debug|Any CPU
		{A1BFC5BE-2510-4A27-B020-9BFCB8DD1D75}.Debug|Any CPU.Build.0 = Debug|Any CPU
		{A1BFC5BE-2510-4A27-B020-9BFCB8DD1D75}.Release|Any CPU.ActiveCfg = Release|Any CPU
		{A1BFC5BE-2510-4A27-B020-9BFCB8DD1D75}.Release|Any CPU.Build.0 = Release|Any CPU
	EndGlobalSection
	GlobalSection(SolutionProperties) = preSolution
		HideSolutionNode = FALSE
	EndGlobalSection
	GlobalSection(NestedProjects) = preSolution
		{02671E71-FFEA-4660-AC0B-8292E838542A} = {AC78C188-4213-4BDF-AB18-DE5F68A28EF9}
		{E3FDBB96-CC0B-4DC9-A3C7-6A62789F804E} = {148F0BF6-7A47-4D5E-9558-54243E8BC19C}
		{73440295-C5E4-4A21-AF7F-636F509ED113} = {92988655-D2A0-434D-BC97-CB653F4B1451}
		{96EBFFC6-FE1A-461E-9622-23804631F433} = {92988655-D2A0-434D-BC97-CB653F4B1451}
		{ADF14CF5-67E0-44FC-B7E1-66A1DD19991B} = {92988655-D2A0-434D-BC97-CB653F4B1451}
		{7FA6E93F-1716-49E9-A076-93477A2EFF22} = {7BE3053D-1BDE-4C7C-8019-C21D78109281}
		{A1BFC5BE-2510-4A27-B020-9BFCB8DD1D75} = {4AAD85E5-FD6D-45DA-ACD2-19A275D1865E}
	EndGlobalSection
	GlobalSection(ExtensibilityGlobals) = postSolution
		SolutionGuid = {166E2EC0-1360-432D-8BB2-3FBDD9516C67}
	EndGlobalSection
EndGlobal
